// !$*UTF8*$!
{
	archiveVersion = 1;
	classes = {
	};
	objectVersion = 50;
	objects = {

/* Begin PBXBuildFile section */
		60647827215CE37600C6FEFC /* AppDelegate.m in Sources */ = {isa = PBXBuildFile; fileRef = 60647826215CE37600C6FEFC /* AppDelegate.m */; };
		6064782A215CE37600C6FEFC /* ViewController.m in Sources */ = {isa = PBXBuildFile; fileRef = 60647829215CE37600C6FEFC /* ViewController.m */; };
		6064782D215CE37600C6FEFC /* Main.storyboard in Resources */ = {isa = PBXBuildFile; fileRef = 6064782B215CE37600C6FEFC /* Main.storyboard */; };
		6064782F215CE37900C6FEFC /* Assets.xcassets in Resources */ = {isa = PBXBuildFile; fileRef = 6064782E215CE37900C6FEFC /* Assets.xcassets */; };
		60647832215CE37900C6FEFC /* LaunchScreen.storyboard in Resources */ = {isa = PBXBuildFile; fileRef = 60647830215CE37900C6FEFC /* LaunchScreen.storyboard */; };
		60647835215CE37900C6FEFC /* main.m in Sources */ = {isa = PBXBuildFile; fileRef = 60647834215CE37900C6FEFC /* main.m */; };
		6064783F215CE37900C6FEFC /* BFAnimationTests.m in Sources */ = {isa = PBXBuildFile; fileRef = 6064783E215CE37900C6FEFC /* BFAnimationTests.m */; };
		6064784A215CE37900C6FEFC /* BFAnimationUITests.m in Sources */ = {isa = PBXBuildFile; fileRef = 60647849215CE37900C6FEFC /* BFAnimationUITests.m */; };
		60647859215CE3C100C6FEFC /* VenetianBlindsView.m in Sources */ = {isa = PBXBuildFile; fileRef = 60647858215CE3C100C6FEFC /* VenetianBlindsView.m */; };
/* End PBXBuildFile section */

/* Begin PBXContainerItemProxy section */
		6064783B215CE37900C6FEFC /* PBXContainerItemProxy */ = {
			isa = PBXContainerItemProxy;
			containerPortal = 6064781A215CE37600C6FEFC /* Project object */;
			proxyType = 1;
			remoteGlobalIDString = 60647821215CE37600C6FEFC;
			remoteInfo = BFAnimation;
		};
		60647846215CE37900C6FEFC /* PBXContainerItemProxy */ = {
			isa = PBXContainerItemProxy;
			containerPortal = 6064781A215CE37600C6FEFC /* Project object */;
			proxyType = 1;
			remoteGlobalIDString = 60647821215CE37600C6FEFC;
			remoteInfo = BFAnimation;
		};
/* End PBXContainerItemProxy section */

/* Begin PBXFileReference section */
		60647822215CE37600C6FEFC /* BFAnimation.app */ = {isa = PBXFileReference; explicitFileType = wrapper.application; includeInIndex = 0; path = BFAnimation.app; sourceTree = BUILT_PRODUCTS_DIR; };
		60647825215CE37600C6FEFC /* AppDelegate.h */ = {isa = PBXFileReference; lastKnownFileType = sourcecode.c.h; path = AppDelegate.h; sourceTree = "<group>"; };
		60647826215CE37600C6FEFC /* AppDelegate.m */ = {isa = PBXFileReference; lastKnownFileType = sourcecode.c.objc; path = AppDelegate.m; sourceTree = "<group>"; };
		60647828215CE37600C6FEFC /* ViewController.h */ = {isa = PBXFileReference; lastKnownFileType = sourcecode.c.h; path = ViewController.h; sourceTree = "<group>"; };
		60647829215CE37600C6FEFC /* ViewController.m */ = {isa = PBXFileReference; lastKnownFileType = sourcecode.c.objc; path = ViewController.m; sourceTree = "<group>"; };
		6064782C215CE37600C6FEFC /* Base */ = {isa = PBXFileReference; lastKnownFileType = file.storyboard; name = Base; path = Base.lproj/Main.storyboard; sourceTree = "<group>"; };
		6064782E215CE37900C6FEFC /* Assets.xcassets */ = {isa = PBXFileReference; lastKnownFileType = folder.assetcatalog; path = Assets.xcassets; sourceTree = "<group>"; };
		60647831215CE37900C6FEFC /* Base */ = {isa = PBXFileReference; lastKnownFileType = file.storyboard; name = Base; path = Base.lproj/LaunchScreen.storyboard; sourceTree = "<group>"; };
		60647833215CE37900C6FEFC /* Info.plist */ = {isa = PBXFileReference; lastKnownFileType = text.plist.xml; path = Info.plist; sourceTree = "<group>"; };
		60647834215CE37900C6FEFC /* main.m */ = {isa = PBXFileReference; lastKnownFileType = sourcecode.c.objc; path = main.m; sourceTree = "<group>"; };
		6064783A215CE37900C6FEFC /* BFAnimationTests.xctest */ = {isa = PBXFileReference; explicitFileType = wrapper.cfbundle; includeInIndex = 0; path = BFAnimationTests.xctest; sourceTree = BUILT_PRODUCTS_DIR; };
		6064783E215CE37900C6FEFC /* BFAnimationTests.m */ = {isa = PBXFileReference; lastKnownFileType = sourcecode.c.objc; path = BFAnimationTests.m; sourceTree = "<group>"; };
		60647840215CE37900C6FEFC /* Info.plist */ = {isa = PBXFileReference; lastKnownFileType = text.plist.xml; path = Info.plist; sourceTree = "<group>"; };
		60647845215CE37900C6FEFC /* BFAnimationUITests.xctest */ = {isa = PBXFileReference; explicitFileType = wrapper.cfbundle; includeInIndex = 0; path = BFAnimationUITests.xctest; sourceTree = BUILT_PRODUCTS_DIR; };
		60647849215CE37900C6FEFC /* BFAnimationUITests.m */ = {isa = PBXFileReference; lastKnownFileType = sourcecode.c.objc; path = BFAnimationUITests.m; sourceTree = "<group>"; };
		6064784B215CE37900C6FEFC /* Info.plist */ = {isa = PBXFileReference; lastKnownFileType = text.plist.xml; path = Info.plist; sourceTree = "<group>"; };
		60647857215CE3C100C6FEFC /* VenetianBlindsView.h */ = {isa = PBXFileReference; lastKnownFileType = sourcecode.c.h; path = VenetianBlindsView.h; sourceTree = "<group>"; };
		60647858215CE3C100C6FEFC /* VenetianBlindsView.m */ = {isa = PBXFileReference; lastKnownFileType = sourcecode.c.objc; path = VenetianBlindsView.m; sourceTree = "<group>"; };
/* End PBXFileReference section */

/* Begin PBXFrameworksBuildPhase section */
		6064781F215CE37600C6FEFC /* Frameworks */ = {
			isa = PBXFrameworksBuildPhase;
			buildActionMask = 2147483647;
			files = (
			);
			runOnlyForDeploymentPostprocessing = 0;
		};
		60647837215CE37900C6FEFC /* Frameworks */ = {
			isa = PBXFrameworksBuildPhase;
			buildActionMask = 2147483647;
			files = (
			);
			runOnlyForDeploymentPostprocessing = 0;
		};
		60647842215CE37900C6FEFC /* Frameworks */ = {
			isa = PBXFrameworksBuildPhase;
			buildActionMask = 2147483647;
			files = (
			);
			runOnlyForDeploymentPostprocessing = 0;
		};
/* End PBXFrameworksBuildPhase section */

/* Begin PBXGroup section */
		60647819215CE37600C6FEFC = {
			isa = PBXGroup;
			children = (
				60647824215CE37600C6FEFC /* BFAnimation */,
				6064783D215CE37900C6FEFC /* BFAnimationTests */,
				60647848215CE37900C6FEFC /* BFAnimationUITests */,
				60647823215CE37600C6FEFC /* Products */,
			);
			sourceTree = "<group>";
		};
		60647823215CE37600C6FEFC /* Products */ = {
			isa = PBXGroup;
			children = (
				60647822215CE37600C6FEFC /* BFAnimation.app */,
				6064783A215CE37900C6FEFC /* BFAnimationTests.xctest */,
				60647845215CE37900C6FEFC /* BFAnimationUITests.xctest */,
			);
			name = Products;
			sourceTree = "<group>";
		};
		60647824215CE37600C6FEFC /* BFAnimation */ = {
			isa = PBXGroup;
			children = (
				60647825215CE37600C6FEFC /* AppDelegate.h */,
				60647826215CE37600C6FEFC /* AppDelegate.m */,
				60647828215CE37600C6FEFC /* ViewController.h */,
				60647829215CE37600C6FEFC /* ViewController.m */,
				6064782B215CE37600C6FEFC /* Main.storyboard */,
				6064782E215CE37900C6FEFC /* Assets.xcassets */,
				60647830215CE37900C6FEFC /* LaunchScreen.storyboard */,
				60647833215CE37900C6FEFC /* Info.plist */,
				60647834215CE37900C6FEFC /* main.m */,
				60647857215CE3C100C6FEFC /* VenetianBlindsView.h */,
				60647858215CE3C100C6FEFC /* VenetianBlindsView.m */,
			);
			path = BFAnimation;
			sourceTree = "<group>";
		};
		6064783D215CE37900C6FEFC /* BFAnimationTests */ = {
			isa = PBXGroup;
			children = (
				6064783E215CE37900C6FEFC /* BFAnimationTests.m */,
				60647840215CE37900C6FEFC /* Info.plist */,
			);
			path = BFAnimationTests;
			sourceTree = "<group>";
		};
		60647848215CE37900C6FEFC /* BFAnimationUITests */ = {
			isa = PBXGroup;
			children = (
				60647849215CE37900C6FEFC /* BFAnimationUITests.m */,
				6064784B215CE37900C6FEFC /* Info.plist */,
			);
			path = BFAnimationUITests;
			sourceTree = "<group>";
		};
/* End PBXGroup section */

/* Begin PBXNativeTarget section */
		60647821215CE37600C6FEFC /* BFAnimation */ = {
			isa = PBXNativeTarget;
			buildConfigurationList = 6064784E215CE37900C6FEFC /* Build configuration list for PBXNativeTarget "BFAnimation" */;
			buildPhases = (
				6064781E215CE37600C6FEFC /* Sources */,
				6064781F215CE37600C6FEFC /* Frameworks */,
				60647820215CE37600C6FEFC /* Resources */,
			);
			buildRules = (
			);
			dependencies = (
			);
			name = BFAnimation;
			productName = BFAnimation;
			productReference = 60647822215CE37600C6FEFC /* BFAnimation.app */;
			productType = "com.apple.product-type.application";
		};
		60647839215CE37900C6FEFC /* BFAnimationTests */ = {
			isa = PBXNativeTarget;
			buildConfigurationList = 60647851215CE37900C6FEFC /* Build configuration list for PBXNativeTarget "BFAnimationTests" */;
			buildPhases = (
				60647836215CE37900C6FEFC /* Sources */,
				60647837215CE37900C6FEFC /* Frameworks */,
				60647838215CE37900C6FEFC /* Resources */,
			);
			buildRules = (
			);
			dependencies = (
				6064783C215CE37900C6FEFC /* PBXTargetDependency */,
			);
			name = BFAnimationTests;
			productName = BFAnimationTests;
			productReference = 6064783A215CE37900C6FEFC /* BFAnimationTests.xctest */;
			productType = "com.apple.product-type.bundle.unit-test";
		};
		60647844215CE37900C6FEFC /* BFAnimationUITests */ = {
			isa = PBXNativeTarget;
			buildConfigurationList = 60647854215CE37900C6FEFC /* Build configuration list for PBXNativeTarget "BFAnimationUITests" */;
			buildPhases = (
				60647841215CE37900C6FEFC /* Sources */,
				60647842215CE37900C6FEFC /* Frameworks */,
				60647843215CE37900C6FEFC /* Resources */,
			);
			buildRules = (
			);
			dependencies = (
				60647847215CE37900C6FEFC /* PBXTargetDependency */,
			);
			name = BFAnimationUITests;
			productName = BFAnimationUITests;
			productReference = 60647845215CE37900C6FEFC /* BFAnimationUITests.xctest */;
			productType = "com.apple.product-type.bundle.ui-testing";
		};
/* End PBXNativeTarget section */

/* Begin PBXProject section */
		6064781A215CE37600C6FEFC /* Project object */ = {
			isa = PBXProject;
			attributes = {
				LastUpgradeCheck = 1000;
				ORGANIZATIONNAME = pgq;
				TargetAttributes = {
					60647821215CE37600C6FEFC = {
						CreatedOnToolsVersion = 10.0;
					};
					60647839215CE37900C6FEFC = {
						CreatedOnToolsVersion = 10.0;
						TestTargetID = 60647821215CE37600C6FEFC;
					};
					60647844215CE37900C6FEFC = {
						CreatedOnToolsVersion = 10.0;
						TestTargetID = 60647821215CE37600C6FEFC;
					};
				};
			};
			buildConfigurationList = 6064781D215CE37600C6FEFC /* Build configuration list for PBXProject "BFAnimation" */;
			compatibilityVersion = "Xcode 9.3";
			developmentRegion = en;
			hasScannedForEncodings = 0;
			knownRegions = (
				en,
				Base,
			);
			mainGroup = 60647819215CE37600C6FEFC;
			productRefGroup = 60647823215CE37600C6FEFC /* Products */;
			projectDirPath = "";
			projectRoot = "";
			targets = (
				60647821215CE37600C6FEFC /* BFAnimation */,
				60647839215CE37900C6FEFC /* BFAnimationTests */,
				60647844215CE37900C6FEFC /* BFAnimationUITests */,
			);
		};
/* End PBXProject section */

/* Begin PBXResourcesBuildPhase section */
		60647820215CE37600C6FEFC /* Resources */ = {
			isa = PBXResourcesBuildPhase;
			buildActionMask = 2147483647;
			files = (
				60647832215CE37900C6FEFC /* LaunchScreen.storyboard in Resources */,
				6064782F215CE37900C6FEFC /* Assets.xcassets in Resources */,
				6064782D215CE37600C6FEFC /* Main.storyboard in Resources */,
			);
			runOnlyForDeploymentPostprocessing = 0;
		};
		60647838215CE37900C6FEFC /* Resources */ = {
			isa = PBXResourcesBuildPhase;
			buildActionMask = 2147483647;
			files = (
			);
			runOnlyForDeploymentPostprocessing = 0;
		};
		60647843215CE37900C6FEFC /* Resources */ = {
			isa = PBXResourcesBuildPhase;
			buildActionMask = 2147483647;
			files = (
			);
			runOnlyForDeploymentPostprocessing = 0;
		};
/* End PBXResourcesBuildPhase section */

/* Begin PBXSourcesBuildPhase section */
		6064781E215CE37600C6FEFC /* Sources */ = {
			isa = PBXSourcesBuildPhase;
			buildActionMask = 2147483647;
			files = (
				60647859215CE3C100C6FEFC /* VenetianBlindsView.m in Sources */,
				6064782A215CE37600C6FEFC /* ViewController.m in Sources */,
				60647835215CE37900C6FEFC /* main.m in Sources */,
				60647827215CE37600C6FEFC /* AppDelegate.m in Sources */,
			);
			runOnlyForDeploymentPostprocessing = 0;
		};
		60647836215CE37900C6FEFC /* Sources */ = {
			isa = PBXSourcesBuildPhase;
			buildActionMask = 2147483647;
			files = (
				6064783F215CE37900C6FEFC /* BFAnimationTests.m in Sources */,
			);
			runOnlyForDeploymentPostprocessing = 0;
		};
		60647841215CE37900C6FEFC /* Sources */ = {
			isa = PBXSourcesBuildPhase;
			buildActionMask = 2147483647;
			files = (
				6064784A215CE37900C6FEFC /* BFAnimationUITests.m in Sources */,
			);
			runOnlyForDeploymentPostprocessing = 0;
		};
/* End PBXSourcesBuildPhase section */

/* Begin PBXTargetDependency section */
		6064783C215CE37900C6FEFC /* PBXTargetDependency */ = {
			isa = PBXTargetDependency;
			target = 60647821215CE37600C6FEFC /* BFAnimation */;
			targetProxy = 6064783B215CE37900C6FEFC /* PBXContainerItemProxy */;
		};
		60647847215CE37900C6FEFC /* PBXTargetDependency */ = {
			isa = PBXTargetDependency;
			target = 60647821215CE37600C6FEFC /* BFAnimation */;
			targetProxy = 60647846215CE37900C6FEFC /* PBXContainerItemProxy */;
		};
/* End PBXTargetDependency section */

/* Begin PBXVariantGroup section */
		6064782B215CE37600C6FEFC /* Main.storyboard */ = {
			isa = PBXVariantGroup;
			children = (
				6064782C215CE37600C6FEFC /* Base */,
			);
			name = Main.storyboard;
			sourceTree = "<group>";
		};
		60647830215CE37900C6FEFC /* LaunchScreen.storyboard */ = {
			isa = PBXVariantGroup;
			children = (
				60647831215CE37900C6FEFC /* Base */,
			);
			name = LaunchScreen.storyboard;
			sourceTree = "<group>";
		};
/* End PBXVariantGroup section */

/* Begin XCBuildConfiguration section */
		6064784C215CE37900C6FEFC /* Debug */ = {
			isa = XCBuildConfiguration;
			buildSettings = {
				ALWAYS_SEARCH_USER_PATHS = NO;
				CLANG_ANALYZER_NONNULL = YES;
				CLANG_ANALYZER_NUMBER_OBJECT_CONVERSION = YES_AGGRESSIVE;
				CLANG_CXX_LANGUAGE_STANDARD = "gnu++14";
				CLANG_CXX_LIBRARY = "libc++";
				CLANG_ENABLE_MODULES = YES;
				CLANG_ENABLE_OBJC_ARC = YES;
				CLANG_ENABLE_OBJC_WEAK = YES;
				CLANG_WARN_BLOCK_CAPTURE_AUTORELEASING = YES;
				CLANG_WARN_BOOL_CONVERSION = YES;
				CLANG_WARN_COMMA = YES;
				CLANG_WARN_CONSTANT_CONVERSION = YES;
				CLANG_WARN_DEPRECATED_OBJC_IMPLEMENTATIONS = YES;
				CLANG_WARN_DIRECT_OBJC_ISA_USAGE = YES_ERROR;
				CLANG_WARN_DOCUMENTATION_COMMENTS = YES;
				CLANG_WARN_EMPTY_BODY = YES;
				CLANG_WARN_ENUM_CONVERSION = YES;
				CLANG_WARN_INFINITE_RECURSION = YES;
				CLANG_WARN_INT_CONVERSION = YES;
				CLANG_WARN_NON_LITERAL_NULL_CONVERSION = YES;
				CLANG_WARN_OBJC_IMPLICIT_RETAIN_SELF = YES;
				CLANG_WARN_OBJC_LITERAL_CONVERSION = YES;
				CLANG_WARN_OBJC_ROOT_CLASS = YES_ERROR;
				CLANG_WARN_RANGE_LOOP_ANALYSIS = YES;
				CLANG_WARN_STRICT_PROTOTYPES = YES;
				CLANG_WARN_SUSPICIOUS_MOVE = YES;
				CLANG_WARN_UNGUARDED_AVAILABILITY = YES_AGGRESSIVE;
				CLANG_WARN_UNREACHABLE_CODE = YES;
				CLANG_WARN__DUPLICATE_METHOD_MATCH = YES;
				CODE_SIGN_IDENTITY = "iPhone Developer";
				COPY_PHASE_STRIP = NO;
				DEBUG_INFORMATION_FORMAT = dwarf;
				ENABLE_STRICT_OBJC_MSGSEND = YES;
				ENABLE_TESTABILITY = YES;
				GCC_C_LANGUAGE_STANDARD = gnu11;
				GCC_DYNAMIC_NO_PIC = NO;
				GCC_NO_COMMON_BLOCKS = YES;
				GCC_OPTIMIZATION_LEVEL = 0;
				GCC_PREPROCESSOR_DEFINITIONS = (
					"DEBUG=1",
					"$(inherited)",
				);
				GCC_WARN_64_TO_32_BIT_CONVERSION = YES;
				GCC_WARN_ABOUT_RETURN_TYPE = YES_ERROR;
				GCC_WARN_UNDECLARED_SELECTOR = YES;
				GCC_WARN_UNINITIALIZED_AUTOS = YES_AGGRESSIVE;
				GCC_WARN_UNUSED_FUNCTION = YES;
				GCC_WARN_UNUSED_VARIABLE = YES;
				IPHONEOS_DEPLOYMENT_TARGET = 12.0;
				MTL_ENABLE_DEBUG_INFO = INCLUDE_SOURCE;
				MTL_FAST_MATH = YES;
				ONLY_ACTIVE_ARCH = YES;
				SDKROOT = iphoneos;
			};
			name = Debug;
		};
		6064784D215CE37900C6FEFC /* Release */ = {
			isa = XCBuildConfiguration;
			buildSettings = {
				ALWAYS_SEARCH_USER_PATHS = NO;
				CLANG_ANALYZER_NONNULL = YES;
				CLANG_ANALYZER_NUMBER_OBJECT_CONVERSION = YES_AGGRESSIVE;
				CLANG_CXX_LANGUAGE_STANDARD = "gnu++14";
				CLANG_CXX_LIBRARY = "libc++";
				CLANG_ENABLE_MODULES = YES;
				CLANG_ENABLE_OBJC_ARC = YES;
				CLANG_ENABLE_OBJC_WEAK = YES;
				CLANG_WARN_BLOCK_CAPTURE_AUTORELEASING = YES;
				CLANG_WARN_BOOL_CONVERSION = YES;
				CLANG_WARN_COMMA = YES;
				CLANG_WARN_CONSTANT_CONVERSION = YES;
				CLANG_WARN_DEPRECATED_OBJC_IMPLEMENTATIONS = YES;
				CLANG_WARN_DIRECT_OBJC_ISA_USAGE = YES_ERROR;
				CLANG_WARN_DOCUMENTATION_COMMENTS = YES;
				CLANG_WARN_EMPTY_BODY = YES;
				CLANG_WARN_ENUM_CONVERSION = YES;
				CLANG_WARN_INFINITE_RECURSION = YES;
				CLANG_WARN_INT_CONVERSION = YES;
				CLANG_WARN_NON_LITERAL_NULL_CONVERSION = YES;
				CLANG_WARN_OBJC_IMPLICIT_RETAIN_SELF = YES;
				CLANG_WARN_OBJC_LITERAL_CONVERSION = YES;
				CLANG_WARN_OBJC_ROOT_CLASS = YES_ERROR;
				CLANG_WARN_RANGE_LOOP_ANALYSIS = YES;
				CLANG_WARN_STRICT_PROTOTYPES = YES;
				CLANG_WARN_SUSPICIOUS_MOVE = YES;
				CLANG_WARN_UNGUARDED_AVAILABILITY = YES_AGGRESSIVE;
				CLANG_WARN_UNREACHABLE_CODE = YES;
				CLANG_WARN__DUPLICATE_METHOD_MATCH = YES;
				CODE_SIGN_IDENTITY = "iPhone Developer";
				COPY_PHASE_STRIP = NO;
				DEBUG_INFORMATION_FORMAT = "dwarf-with-dsym";
				ENABLE_NS_ASSERTIONS = NO;
				ENABLE_STRICT_OBJC_MSGSEND = YES;
				GCC_C_LANGUAGE_STANDARD = gnu11;
				GCC_NO_COMMON_BLOCKS = YES;
				GCC_WARN_64_TO_32_BIT_CONVERSION = YES;
				GCC_WARN_ABOUT_RETURN_TYPE = YES_ERROR;
				GCC_WARN_UNDECLARED_SELECTOR = YES;
				GCC_WARN_UNINITIALIZED_AUTOS = YES_AGGRESSIVE;
				GCC_WARN_UNUSED_FUNCTION = YES;
				GCC_WARN_UNUSED_VARIABLE = YES;
				IPHONEOS_DEPLOYMENT_TARGET = 12.0;
				MTL_ENABLE_DEBUG_INFO = NO;
				MTL_FAST_MATH = YES;
				SDKROOT = iphoneos;
				VALIDATE_PRODUCT = YES;
			};
			name = Release;
		};
		6064784F215CE37900C6FEFC /* Debug */ = {
			isa = XCBuildConfiguration;
			buildSettings = {
				ASSETCATALOG_COMPILER_APPICON_NAME = AppIcon;
				CODE_SIGN_STYLE = Automatic;
				DEVELOPMENT_TEAM = B2BXA8AH8F;
				INFOPLIST_FILE = BFAnimation/Info.plist;
				IPHONEOS_DEPLOYMENT_TARGET = 11.2;
				LD_RUNPATH_SEARCH_PATHS = (
					"$(inherited)",
					"@executable_path/Frameworks",
				);
				PRODUCT_BUNDLE_IDENTIFIER = cod.pgq.BFAnimation;
				PRODUCT_NAME = "$(TARGET_NAME)";
				TARGETED_DEVICE_FAMILY = "1,2";
			};
			name = Debug;
		};
		60647850215CE37900C6FEFC /* Release */ = {
			isa = XCBuildConfiguration;
			buildSettings = {
				ASSETCATALOG_COMPILER_APPICON_NAME = AppIcon;
				CODE_SIGN_STYLE = Automatic;
				DEVELOPMENT_TEAM = B2BXA8AH8F;
				INFOPLIST_FILE = BFAnimation/Info.plist;
				IPHONEOS_DEPLOYMENT_TARGET = 11.2;
				LD_RUNPATH_SEARCH_PATHS = (
					"$(inherited)",
					"@executable_path/Frameworks",
				);
				PRODUCT_BUNDLE_IDENTIFIER = cod.pgq.BFAnimation;
				PRODUCT_NAME = "$(TARGET_NAME)";
				TARGETED_DEVICE_FAMILY = "1,2";
			};
			name = Release;
		};
		60647852215CE37900C6FEFC /* Debug */ = {
			isa = XCBuildConfiguration;
			buildSettings = {
				BUNDLE_LOADER = "$(TEST_HOST)";
				CODE_SIGN_STYLE = Automatic;
				DEVELOPMENT_TEAM = B2BXA8AH8F;
				INFOPLIST_FILE = BFAnimationTests/Info.plist;
				LD_RUNPATH_SEARCH_PATHS = (
					"$(inherited)",
					"@executable_path/Frameworks",
					"@loader_path/Frameworks",
				);
				PRODUCT_BUNDLE_IDENTIFIER = cod.pgq.BFAnimationTests;
				PRODUCT_NAME = "$(TARGET_NAME)";
				TARGETED_DEVICE_FAMILY = "1,2";
				TEST_HOST = "$(BUILT_PRODUCTS_DIR)/BFAnimation.app/BFAnimation";
			};
			name = Debug;
		};
		60647853215CE37900C6FEFC /* Release */ = {
			isa = XCBuildConfiguration;
			buildSettings = {
				BUNDLE_LOADER = "$(TEST_HOST)";
				CODE_SIGN_STYLE = Automatic;
				DEVELOPMENT_TEAM = B2BXA8AH8F;
				INFOPLIST_FILE = BFAnimationTests/Info.plist;
				LD_RUNPATH_SEARCH_PATHS = (
					"$(inherited)",
					"@executable_path/Frameworks",
					"@loader_path/Frameworks",
				);
				PRODUCT_BUNDLE_IDENTIFIER = cod.pgq.BFAnimationTests;
				PRODUCT_NAME = "$(TARGET_NAME)";
				TARGETED_DEVICE_FAMILY = "1,2";
				TEST_HOST = "$(BUILT_PRODUCTS_DIR)/BFAnimation.app/BFAnimation";
			};
			name = Release;
		};
		60647855215CE37900C6FEFC /* Debug */ = {
			isa = XCBuildConfiguration;
			buildSettings = {
				CODE_SIGN_STYLE = Automatic;
				DEVELOPMENT_TEAM = B2BXA8AH8F;
				INFOPLIST_FILE = BFAnimationUITests/Info.plist;
				LD_RUNPATH_SEARCH_PATHS = (
					"$(inherited)",
					"@executable_path/Frameworks",
					"@loader_path/Frameworks",
				);
				PRODUCT_BUNDLE_IDENTIFIER = cod.pgq.BFAnimationUITests;
				PRODUCT_NAME = "$(TARGET_NAME)";
				TARGETED_DEVICE_FAMILY = "1,2";
				TEST_TARGET_NAME = BFAnimation;
			};
			name = Debug;
		};
		60647856215CE37900C6FEFC /* Release */ = {
			isa = XCBuildConfiguration;
			buildSettings = {
				CODE_SIGN_STYLE = Automatic;
				DEVELOPMENT_TEAM = B2BXA8AH8F;
				INFOPLIST_FILE = BFAnimationUITests/Info.plist;
				LD_RUNPATH_SEARCH_PATHS = (
					"$(inherited)",
					"@executable_path/Frameworks",
					"@loader_path/Frameworks",
				);
				PRODUCT_BUNDLE_IDENTIFIER = cod.pgq.BFAnimationUITests;
				PRODUCT_NAME = "$(TARGET_NAME)";
				TARGETED_DEVICE_FAMILY = "1,2";
				TEST_TARGET_NAME = BFAnimation;
			};
			name = Release;
		};
/* End XCBuildConfiguration section */

/* Begin XCConfigurationList section */
		6064781D215CE37600C6FEFC /* Build configuration list for PBXProject "BFAnimation" */ = {
			isa = XCConfigurationList;
			buildConfigurations = (
				6064784C215CE37900C6FEFC /* Debug */,
				6064784D215CE37900C6FEFC /* Release */,
			);
			defaultConfigurationIsVisible = 0;
			defaultConfigurationName = Release;
		};
		6064784E215CE37900C6FEFC /* Build configuration list for PBXNativeTarget "BFAnimation" */ = {
			isa = XCConfigurationList;
			buildConfigurations = (
				6064784F215CE37900C6FEFC /* Debug */,
				60647850215CE37900C6FEFC /* Release */,
			);
			defaultConfigurationIsVisible = 0;
			defaultConfigurationName = Release;
		};
		60647851215CE37900C6FEFC /* Build configuration list for PBXNativeTarget "BFAnimationTests" */ = {
			isa = XCConfigurationList;
			buildConfigurations = (
				60647852215CE37900C6FEFC /* Debug */,
				60647853215CE37900C6FEFC /* Release */,
			);
			defaultConfigurationIsVisible = 0;
			defaultConfigurationName = Release;
		};
		60647854215CE37900C6FEFC /* Build configuration list for PBXNativeTarget "BFAnimationUITests" */ = {
			isa = XCConfigurationList;
			buildConfigurations = (
				60647855215CE37900C6FEFC /* Debug */,
				60647856215CE37900C6FEFC /* Release */,
			);
			defaultConfigurationIsVisible = 0;
			defaultConfigurationName = Release;
		};
/* End XCConfigurationList section */
	};
	rootObject = 6064781A215CE37600C6FEFC /* Project object */;
}
